
Microsoft Visual Studio Solution File, Format Version 12.00
# Visual Studio 15
VisualStudioVersion = 15.0.28307.757
MinimumVisualStudioVersion = 10.0.40219.1
Project("{FAE04EC0-301F-11D3-BF4B-00C04F79EFBC}") = "CrossingsSearcher", "ConsoleApp15\CrossingsSearcher.csproj", "{B9F526D4-39A8-4CC2-92D3-5602165AD1C5}"
EndProject
Global
	GlobalSection(SolutionConfigurationPlatforms) = preSolution
		Debug|Any CPU = Debug|Any CPU
		Release|Any CPU = Release|Any CPU
	EndGlobalSection
	GlobalSection(ProjectConfigurationPlatforms) = postSolution
		{B9F526D4-39A8-4CC2-92D3-5602165AD1C5}.Debug|Any CPU.ActiveCfg = Debug|Any CPU
		{B9F526D4-39A8-4CC2-92D3-5602165AD1C5}.Debug|Any CPU.Build.0 = Debug|Any CPU
		{B9F526D4-39A8-4CC2-92D3-5602165AD1C5}.Release|Any CPU.ActiveCfg = Release|Any CPU
		{B9F526D4-39A8-4CC2-92D3-5602165AD1C5}.Release|Any CPU.Build.0 = Release|Any CPU
	EndGlobalSection
	GlobalSection(SolutionProperties) = preSolution
		HideSolutionNode = FALSE
	EndGlobalSection
	GlobalSection(ExtensibilityGlobals) = postSolution
		SolutionGuid = {F3FB88BD-113A-49AD-A939-06768018A9B8}
	EndGlobalSection
EndGlobal
